
Microsoft Visual Studio Solution File, Format Version 12.00
# Visual Studio Version 16
VisualStudioVersion = 16.0.31205.134
MinimumVisualStudioVersion = 10.0.40219.1
Project("{9A19103F-16F7-4668-BE54-9A1E7A4F7556}") = "ConverMeterToKilo", "ConverMeterToKilo\ConverMeterToKilo.csproj", "{66CEE34C-D112-42CB-8807-FF3B8FF555F6}"
EndProject
Project("{FAE04EC0-301F-11D3-BF4B-00C04F79EFBC}") = "PoundsToDollar", "PoundsToDollar\PoundsToDollar.csproj", "{B07555B5-A56F-4B20-83D1-E6A8F8F5FAE2}"
EndProject
Global
	GlobalSection(SolutionConfigurationPlatforms) = preSolution
		Debug|Any CPU = Debug|Any CPU
		Release|Any CPU = Release|Any CPU
	EndGlobalSection
	GlobalSection(ProjectConfigurationPlatforms) = postSolution
		{66CEE34C-D112-42CB-8807-FF3B8FF555F6}.Debug|Any CPU.ActiveCfg = Debug|Any CPU
		{66CEE34C-D112-42CB-8807-FF3B8FF555F6}.Debug|Any CPU.Build.0 = Debug|Any CPU
		{66CEE34C-D112-42CB-8807-FF3B8FF555F6}.Release|Any CPU.ActiveCfg = Release|Any CPU
		{66CEE34C-D112-42CB-8807-FF3B8FF555F6}.Release|Any CPU.Build.0 = Release|Any CPU
		{B07555B5-A56F-4B20-83D1-E6A8F8F5FAE2}.Debug|Any CPU.ActiveCfg = Debug|Any CPU
		{B07555B5-A56F-4B20-83D1-E6A8F8F5FAE2}.Debug|Any CPU.Build.0 = Debug|Any CPU
		{B07555B5-A56F-4B20-83D1-E6A8F8F5FAE2}.Release|Any CPU.ActiveCfg = Release|Any CPU
		{B07555B5-A56F-4B20-83D1-E6A8F8F5FAE2}.Release|Any CPU.Build.0 = Release|Any CPU
	EndGlobalSection
	GlobalSection(SolutionProperties) = preSolution
		HideSolutionNode = FALSE
	EndGlobalSection
	GlobalSection(ExtensibilityGlobals) = postSolution
		SolutionGuid = {FC48CF41-620A-409D-B27D-2E7A9CB5B807}
	EndGlobalSection
EndGlobal
