
Microsoft Visual Studio Solution File, Format Version 12.00
# Visual Studio Version 16
VisualStudioVersion = 16.0.31205.134
MinimumVisualStudioVersion = 10.0.40219.1
Project("{FAE04EC0-301F-11D3-BF4B-00C04F79EFBC}") = "DaysOfWeek", "ConsoleApp10\DaysOfWeek.csproj", "{6219688F-2E30-48A3-896B-9FE55D873CCD}"
EndProject
Project("{FAE04EC0-301F-11D3-BF4B-00C04F79EFBC}") = "PrintNumberReversed", "PrintNumberReversed\PrintNumberReversed.csproj", "{13F7E9C5-1835-4046-8762-E695A89C7C6D}"
EndProject
Project("{FAE04EC0-301F-11D3-BF4B-00C04F79EFBC}") = "RoundingNumbers", "RoundingNumbers\RoundingNumbers.csproj", "{7580B10A-190B-400F-A665-ED44D1FCC057}"
EndProject
Project("{FAE04EC0-301F-11D3-BF4B-00C04F79EFBC}") = "ReverseArrayToString", "ReverseArrayToString\ReverseArrayToString.csproj", "{2223810F-1AF2-4BEC-81CA-41E7953628EC}"
EndProject
Project("{FAE04EC0-301F-11D3-BF4B-00C04F79EFBC}") = "SumEvenNumbers", "SumEvenNumbers\SumEvenNumbers.csproj", "{912FDAB5-9BB4-4D29-9C98-20B9E99919C9}"
EndProject
Project("{FAE04EC0-301F-11D3-BF4B-00C04F79EFBC}") = "EvenAndOdd", "EvenAndOdd\EvenAndOdd.csproj", "{64F94D6F-E7F5-457A-95B2-47B157066647}"
EndProject
Project("{FAE04EC0-301F-11D3-BF4B-00C04F79EFBC}") = "EqualArrays", "EqualArrays\EqualArrays.csproj", "{4B86DFE3-B0A1-4F53-BE8F-D94C83DEAD58}"
EndProject
Project("{FAE04EC0-301F-11D3-BF4B-00C04F79EFBC}") = "ConsendArr", "ConsendArr\ConsendArr.csproj", "{9FE45876-40B9-4118-915E-FD104B45D29A}"
EndProject
Global
	GlobalSection(SolutionConfigurationPlatforms) = preSolution
		Debug|Any CPU = Debug|Any CPU
		Release|Any CPU = Release|Any CPU
	EndGlobalSection
	GlobalSection(ProjectConfigurationPlatforms) = postSolution
		{6219688F-2E30-48A3-896B-9FE55D873CCD}.Debug|Any CPU.ActiveCfg = Debug|Any CPU
		{6219688F-2E30-48A3-896B-9FE55D873CCD}.Debug|Any CPU.Build.0 = Debug|Any CPU
		{6219688F-2E30-48A3-896B-9FE55D873CCD}.Release|Any CPU.ActiveCfg = Release|Any CPU
		{6219688F-2E30-48A3-896B-9FE55D873CCD}.Release|Any CPU.Build.0 = Release|Any CPU
		{13F7E9C5-1835-4046-8762-E695A89C7C6D}.Debug|Any CPU.ActiveCfg = Debug|Any CPU
		{13F7E9C5-1835-4046-8762-E695A89C7C6D}.Debug|Any CPU.Build.0 = Debug|Any CPU
		{13F7E9C5-1835-4046-8762-E695A89C7C6D}.Release|Any CPU.ActiveCfg = Release|Any CPU
		{13F7E9C5-1835-4046-8762-E695A89C7C6D}.Release|Any CPU.Build.0 = Release|Any CPU
		{7580B10A-190B-400F-A665-ED44D1FCC057}.Debug|Any CPU.ActiveCfg = Debug|Any CPU
		{7580B10A-190B-400F-A665-ED44D1FCC057}.Debug|Any CPU.Build.0 = Debug|Any CPU
		{7580B10A-190B-400F-A665-ED44D1FCC057}.Release|Any CPU.ActiveCfg = Release|Any CPU
		{7580B10A-190B-400F-A665-ED44D1FCC057}.Release|Any CPU.Build.0 = Release|Any CPU
		{2223810F-1AF2-4BEC-81CA-41E7953628EC}.Debug|Any CPU.ActiveCfg = Debug|Any CPU
		{2223810F-1AF2-4BEC-81CA-41E7953628EC}.Debug|Any CPU.Build.0 = Debug|Any CPU
		{2223810F-1AF2-4BEC-81CA-41E7953628EC}.Release|Any CPU.ActiveCfg = Release|Any CPU
		{2223810F-1AF2-4BEC-81CA-41E7953628EC}.Release|Any CPU.Build.0 = Release|Any CPU
		{912FDAB5-9BB4-4D29-9C98-20B9E99919C9}.Debug|Any CPU.ActiveCfg = Debug|Any CPU
		{912FDAB5-9BB4-4D29-9C98-20B9E99919C9}.Debug|Any CPU.Build.0 = Debug|Any CPU
		{912FDAB5-9BB4-4D29-9C98-20B9E99919C9}.Release|Any CPU.ActiveCfg = Release|Any CPU
		{912FDAB5-9BB4-4D29-9C98-20B9E99919C9}.Release|Any CPU.Build.0 = Release|Any CPU
		{64F94D6F-E7F5-457A-95B2-47B157066647}.Debug|Any CPU.ActiveCfg = Debug|Any CPU
		{64F94D6F-E7F5-457A-95B2-47B157066647}.Debug|Any CPU.Build.0 = Debug|Any CPU
		{64F94D6F-E7F5-457A-95B2-47B157066647}.Release|Any CPU.ActiveCfg = Release|Any CPU
		{64F94D6F-E7F5-457A-95B2-47B157066647}.Release|Any CPU.Build.0 = Release|Any CPU
		{4B86DFE3-B0A1-4F53-BE8F-D94C83DEAD58}.Debug|Any CPU.ActiveCfg = Debug|Any CPU
		{4B86DFE3-B0A1-4F53-BE8F-D94C83DEAD58}.Debug|Any CPU.Build.0 = Debug|Any CPU
		{4B86DFE3-B0A1-4F53-BE8F-D94C83DEAD58}.Release|Any CPU.ActiveCfg = Release|Any CPU
		{4B86DFE3-B0A1-4F53-BE8F-D94C83DEAD58}.Release|Any CPU.Build.0 = Release|Any CPU
		{9FE45876-40B9-4118-915E-FD104B45D29A}.Debug|Any CPU.ActiveCfg = Debug|Any CPU
		{9FE45876-40B9-4118-915E-FD104B45D29A}.Debug|Any CPU.Build.0 = Debug|Any CPU
		{9FE45876-40B9-4118-915E-FD104B45D29A}.Release|Any CPU.ActiveCfg = Release|Any CPU
		{9FE45876-40B9-4118-915E-FD104B45D29A}.Release|Any CPU.Build.0 = Release|Any CPU
	EndGlobalSection
	GlobalSection(SolutionProperties) = preSolution
		HideSolutionNode = FALSE
	EndGlobalSection
	GlobalSection(ExtensibilityGlobals) = postSolution
		SolutionGuid = {53DE6635-6B65-42EF-842B-A68F17545976}
	EndGlobalSection
EndGlobal
