
Microsoft Visual Studio Solution File, Format Version 12.00
# Visual Studio Version 16
VisualStudioVersion = 16.0.31205.134
MinimumVisualStudioVersion = 10.0.40219.1
Project("{9A19103F-16F7-4668-BE54-9A1E7A4F7556}") = "SumAdjacentEqaulNum", "SumAdjacentEqaulNum\SumAdjacentEqaulNum.csproj", "{19178DF3-19C8-4D43-9FDB-5CCEF444F6D3}"
EndProject
Project("{9A19103F-16F7-4668-BE54-9A1E7A4F7556}") = "GausTrick", "GausTrick\GausTrick.csproj", "{A8199205-887A-4135-A3B0-295B5E4E4925}"
EndProject
Project("{9A19103F-16F7-4668-BE54-9A1E7A4F7556}") = "MerginList", "MerginList\MerginList.csproj", "{ECA46ABF-88F2-4CFB-9F4B-A585938769C3}"
EndProject
Project("{9A19103F-16F7-4668-BE54-9A1E7A4F7556}") = "ListOfProducts", "ListOfProducts\ListOfProducts.csproj", "{39DC22A6-114B-4BE6-A178-C8F938B32BC4}"
EndProject
Project("{9A19103F-16F7-4668-BE54-9A1E7A4F7556}") = "RemoveNegativeAndReverse", "RemoveNegativeAndReverse\RemoveNegativeAndReverse.csproj", "{7FA576EC-B499-44AF-8586-31DD5E4A362B}"
EndProject
Project("{FAE04EC0-301F-11D3-BF4B-00C04F79EFBC}") = "ListManipulationBasick", "ListManipulationBasick\ListManipulationBasick.csproj", "{231EDE89-AA24-4247-82CA-0BF9F2F404EE}"
EndProject
Project("{FAE04EC0-301F-11D3-BF4B-00C04F79EFBC}") = "ListManipulationAdvanced", "ListManipulationAdvanced\ListManipulationAdvanced.csproj", "{67F407A5-F8EC-40CE-BAE9-43A250C08FEC}"
EndProject
Global
	GlobalSection(SolutionConfigurationPlatforms) = preSolution
		Debug|Any CPU = Debug|Any CPU
		Release|Any CPU = Release|Any CPU
	EndGlobalSection
	GlobalSection(ProjectConfigurationPlatforms) = postSolution
		{19178DF3-19C8-4D43-9FDB-5CCEF444F6D3}.Debug|Any CPU.ActiveCfg = Debug|Any CPU
		{19178DF3-19C8-4D43-9FDB-5CCEF444F6D3}.Debug|Any CPU.Build.0 = Debug|Any CPU
		{19178DF3-19C8-4D43-9FDB-5CCEF444F6D3}.Release|Any CPU.ActiveCfg = Release|Any CPU
		{19178DF3-19C8-4D43-9FDB-5CCEF444F6D3}.Release|Any CPU.Build.0 = Release|Any CPU
		{A8199205-887A-4135-A3B0-295B5E4E4925}.Debug|Any CPU.ActiveCfg = Debug|Any CPU
		{A8199205-887A-4135-A3B0-295B5E4E4925}.Debug|Any CPU.Build.0 = Debug|Any CPU
		{A8199205-887A-4135-A3B0-295B5E4E4925}.Release|Any CPU.ActiveCfg = Release|Any CPU
		{A8199205-887A-4135-A3B0-295B5E4E4925}.Release|Any CPU.Build.0 = Release|Any CPU
		{ECA46ABF-88F2-4CFB-9F4B-A585938769C3}.Debug|Any CPU.ActiveCfg = Debug|Any CPU
		{ECA46ABF-88F2-4CFB-9F4B-A585938769C3}.Debug|Any CPU.Build.0 = Debug|Any CPU
		{ECA46ABF-88F2-4CFB-9F4B-A585938769C3}.Release|Any CPU.ActiveCfg = Release|Any CPU
		{ECA46ABF-88F2-4CFB-9F4B-A585938769C3}.Release|Any CPU.Build.0 = Release|Any CPU
		{39DC22A6-114B-4BE6-A178-C8F938B32BC4}.Debug|Any CPU.ActiveCfg = Debug|Any CPU
		{39DC22A6-114B-4BE6-A178-C8F938B32BC4}.Debug|Any CPU.Build.0 = Debug|Any CPU
		{39DC22A6-114B-4BE6-A178-C8F938B32BC4}.Release|Any CPU.ActiveCfg = Release|Any CPU
		{39DC22A6-114B-4BE6-A178-C8F938B32BC4}.Release|Any CPU.Build.0 = Release|Any CPU
		{7FA576EC-B499-44AF-8586-31DD5E4A362B}.Debug|Any CPU.ActiveCfg = Debug|Any CPU
		{7FA576EC-B499-44AF-8586-31DD5E4A362B}.Debug|Any CPU.Build.0 = Debug|Any CPU
		{7FA576EC-B499-44AF-8586-31DD5E4A362B}.Release|Any CPU.ActiveCfg = Release|Any CPU
		{7FA576EC-B499-44AF-8586-31DD5E4A362B}.Release|Any CPU.Build.0 = Release|Any CPU
		{231EDE89-AA24-4247-82CA-0BF9F2F404EE}.Debug|Any CPU.ActiveCfg = Debug|Any CPU
		{231EDE89-AA24-4247-82CA-0BF9F2F404EE}.Debug|Any CPU.Build.0 = Debug|Any CPU
		{231EDE89-AA24-4247-82CA-0BF9F2F404EE}.Release|Any CPU.ActiveCfg = Release|Any CPU
		{231EDE89-AA24-4247-82CA-0BF9F2F404EE}.Release|Any CPU.Build.0 = Release|Any CPU
		{67F407A5-F8EC-40CE-BAE9-43A250C08FEC}.Debug|Any CPU.ActiveCfg = Debug|Any CPU
		{67F407A5-F8EC-40CE-BAE9-43A250C08FEC}.Debug|Any CPU.Build.0 = Debug|Any CPU
		{67F407A5-F8EC-40CE-BAE9-43A250C08FEC}.Release|Any CPU.ActiveCfg = Release|Any CPU
		{67F407A5-F8EC-40CE-BAE9-43A250C08FEC}.Release|Any CPU.Build.0 = Release|Any CPU
	EndGlobalSection
	GlobalSection(SolutionProperties) = preSolution
		HideSolutionNode = FALSE
	EndGlobalSection
	GlobalSection(ExtensibilityGlobals) = postSolution
		SolutionGuid = {DC188A20-708F-417F-8436-1AE79E44D7AD}
	EndGlobalSection
EndGlobal
