
Microsoft Visual Studio Solution File, Format Version 12.00
# Visual Studio Version 16
VisualStudioVersion = 16.0.31205.134
MinimumVisualStudioVersion = 10.0.40219.1
Project("{FAE04EC0-301F-11D3-BF4B-00C04F79EFBC}") = "IntegerOperations", "IntegerOperations\IntegerOperations.csproj", "{E90C36FA-B532-4415-9161-1A09D2FDBFEE}"
EndProject
Project("{FAE04EC0-301F-11D3-BF4B-00C04F79EFBC}") = "TheSumOfDigits", "TheSumOfDigits\TheSumOfDigits.csproj", "{E973489D-4AEF-4651-BF33-A0EBB6D1BE74}"
EndProject
Project("{FAE04EC0-301F-11D3-BF4B-00C04F79EFBC}") = "Elevator", "Elevator\Elevator.csproj", "{2724A8F5-DA8D-4419-95D3-F5ED712FA0C0}"
EndProject
Project("{FAE04EC0-301F-11D3-BF4B-00C04F79EFBC}") = "SumOfChars", "SumOfChars\SumOfChars.csproj", "{7EC3B415-8FEF-4C7E-B21B-5045F8EBFA68}"
EndProject
Project("{FAE04EC0-301F-11D3-BF4B-00C04F79EFBC}") = "PrintPartFromASCI", "PrintPartFromASCI\PrintPartFromASCI.csproj", "{3532CAE9-25BA-4984-B1AF-4F976236FCC1}"
EndProject
Project("{FAE04EC0-301F-11D3-BF4B-00C04F79EFBC}") = "Triple", "Triple\Triple.csproj", "{8B87E6C4-3A85-4415-B153-F85B5ACF1DE3}"
EndProject
Project("{FAE04EC0-301F-11D3-BF4B-00C04F79EFBC}") = "WaterOverFlow", "WaterOverFlow\WaterOverFlow.csproj", "{2EC68DEB-2186-4182-9ACD-AB74A8DB6F5B}"
EndProject
Project("{FAE04EC0-301F-11D3-BF4B-00C04F79EFBC}") = "BeerKegs", "BeerKegs\BeerKegs.csproj", "{1DF9B280-D703-4DDE-8314-94B0A5417084}"
EndProject
Project("{FAE04EC0-301F-11D3-BF4B-00C04F79EFBC}") = "SpiceMustFlow", "SpiceMustFlow\SpiceMustFlow.csproj", "{3B4D59E1-D552-4D49-80D3-6EA88269AACD}"
EndProject
Project("{FAE04EC0-301F-11D3-BF4B-00C04F79EFBC}") = "Pokemon", "Pokemon\Pokemon.csproj", "{647AAABF-F23F-449F-AEA3-DB5ECB29C3D1}"
EndProject
Project("{FAE04EC0-301F-11D3-BF4B-00C04F79EFBC}") = "SnowBalls", "SnowBalls\SnowBalls.csproj", "{5EB0BAB9-2F26-4A89-A784-AE9E89B39D01}"
EndProject
Global
	GlobalSection(SolutionConfigurationPlatforms) = preSolution
		Debug|Any CPU = Debug|Any CPU
		Release|Any CPU = Release|Any CPU
	EndGlobalSection
	GlobalSection(ProjectConfigurationPlatforms) = postSolution
		{E90C36FA-B532-4415-9161-1A09D2FDBFEE}.Debug|Any CPU.ActiveCfg = Debug|Any CPU
		{E90C36FA-B532-4415-9161-1A09D2FDBFEE}.Debug|Any CPU.Build.0 = Debug|Any CPU
		{E90C36FA-B532-4415-9161-1A09D2FDBFEE}.Release|Any CPU.ActiveCfg = Release|Any CPU
		{E90C36FA-B532-4415-9161-1A09D2FDBFEE}.Release|Any CPU.Build.0 = Release|Any CPU
		{E973489D-4AEF-4651-BF33-A0EBB6D1BE74}.Debug|Any CPU.ActiveCfg = Debug|Any CPU
		{E973489D-4AEF-4651-BF33-A0EBB6D1BE74}.Debug|Any CPU.Build.0 = Debug|Any CPU
		{E973489D-4AEF-4651-BF33-A0EBB6D1BE74}.Release|Any CPU.ActiveCfg = Release|Any CPU
		{E973489D-4AEF-4651-BF33-A0EBB6D1BE74}.Release|Any CPU.Build.0 = Release|Any CPU
		{2724A8F5-DA8D-4419-95D3-F5ED712FA0C0}.Debug|Any CPU.ActiveCfg = Debug|Any CPU
		{2724A8F5-DA8D-4419-95D3-F5ED712FA0C0}.Debug|Any CPU.Build.0 = Debug|Any CPU
		{2724A8F5-DA8D-4419-95D3-F5ED712FA0C0}.Release|Any CPU.ActiveCfg = Release|Any CPU
		{2724A8F5-DA8D-4419-95D3-F5ED712FA0C0}.Release|Any CPU.Build.0 = Release|Any CPU
		{7EC3B415-8FEF-4C7E-B21B-5045F8EBFA68}.Debug|Any CPU.ActiveCfg = Debug|Any CPU
		{7EC3B415-8FEF-4C7E-B21B-5045F8EBFA68}.Debug|Any CPU.Build.0 = Debug|Any CPU
		{7EC3B415-8FEF-4C7E-B21B-5045F8EBFA68}.Release|Any CPU.ActiveCfg = Release|Any CPU
		{7EC3B415-8FEF-4C7E-B21B-5045F8EBFA68}.Release|Any CPU.Build.0 = Release|Any CPU
		{3532CAE9-25BA-4984-B1AF-4F976236FCC1}.Debug|Any CPU.ActiveCfg = Debug|Any CPU
		{3532CAE9-25BA-4984-B1AF-4F976236FCC1}.Debug|Any CPU.Build.0 = Debug|Any CPU
		{3532CAE9-25BA-4984-B1AF-4F976236FCC1}.Release|Any CPU.ActiveCfg = Release|Any CPU
		{3532CAE9-25BA-4984-B1AF-4F976236FCC1}.Release|Any CPU.Build.0 = Release|Any CPU
		{8B87E6C4-3A85-4415-B153-F85B5ACF1DE3}.Debug|Any CPU.ActiveCfg = Debug|Any CPU
		{8B87E6C4-3A85-4415-B153-F85B5ACF1DE3}.Debug|Any CPU.Build.0 = Debug|Any CPU
		{8B87E6C4-3A85-4415-B153-F85B5ACF1DE3}.Release|Any CPU.ActiveCfg = Release|Any CPU
		{8B87E6C4-3A85-4415-B153-F85B5ACF1DE3}.Release|Any CPU.Build.0 = Release|Any CPU
		{2EC68DEB-2186-4182-9ACD-AB74A8DB6F5B}.Debug|Any CPU.ActiveCfg = Debug|Any CPU
		{2EC68DEB-2186-4182-9ACD-AB74A8DB6F5B}.Debug|Any CPU.Build.0 = Debug|Any CPU
		{2EC68DEB-2186-4182-9ACD-AB74A8DB6F5B}.Release|Any CPU.ActiveCfg = Release|Any CPU
		{2EC68DEB-2186-4182-9ACD-AB74A8DB6F5B}.Release|Any CPU.Build.0 = Release|Any CPU
		{1DF9B280-D703-4DDE-8314-94B0A5417084}.Debug|Any CPU.ActiveCfg = Debug|Any CPU
		{1DF9B280-D703-4DDE-8314-94B0A5417084}.Debug|Any CPU.Build.0 = Debug|Any CPU
		{1DF9B280-D703-4DDE-8314-94B0A5417084}.Release|Any CPU.ActiveCfg = Release|Any CPU
		{1DF9B280-D703-4DDE-8314-94B0A5417084}.Release|Any CPU.Build.0 = Release|Any CPU
		{3B4D59E1-D552-4D49-80D3-6EA88269AACD}.Debug|Any CPU.ActiveCfg = Debug|Any CPU
		{3B4D59E1-D552-4D49-80D3-6EA88269AACD}.Debug|Any CPU.Build.0 = Debug|Any CPU
		{3B4D59E1-D552-4D49-80D3-6EA88269AACD}.Release|Any CPU.ActiveCfg = Release|Any CPU
		{3B4D59E1-D552-4D49-80D3-6EA88269AACD}.Release|Any CPU.Build.0 = Release|Any CPU
		{647AAABF-F23F-449F-AEA3-DB5ECB29C3D1}.Debug|Any CPU.ActiveCfg = Debug|Any CPU
		{647AAABF-F23F-449F-AEA3-DB5ECB29C3D1}.Debug|Any CPU.Build.0 = Debug|Any CPU
		{647AAABF-F23F-449F-AEA3-DB5ECB29C3D1}.Release|Any CPU.ActiveCfg = Release|Any CPU
		{647AAABF-F23F-449F-AEA3-DB5ECB29C3D1}.Release|Any CPU.Build.0 = Release|Any CPU
		{5EB0BAB9-2F26-4A89-A784-AE9E89B39D01}.Debug|Any CPU.ActiveCfg = Debug|Any CPU
		{5EB0BAB9-2F26-4A89-A784-AE9E89B39D01}.Debug|Any CPU.Build.0 = Debug|Any CPU
		{5EB0BAB9-2F26-4A89-A784-AE9E89B39D01}.Release|Any CPU.ActiveCfg = Release|Any CPU
		{5EB0BAB9-2F26-4A89-A784-AE9E89B39D01}.Release|Any CPU.Build.0 = Release|Any CPU
	EndGlobalSection
	GlobalSection(SolutionProperties) = preSolution
		HideSolutionNode = FALSE
	EndGlobalSection
	GlobalSection(ExtensibilityGlobals) = postSolution
		SolutionGuid = {629B7302-F3DA-4559-A16F-698CCBD64BBD}
	EndGlobalSection
EndGlobal
