
Microsoft Visual Studio Solution File, Format Version 12.00
# Visual Studio Version 16
VisualStudioVersion = 16.0.31205.134
MinimumVisualStudioVersion = 10.0.40219.1
Project("{FAE04EC0-301F-11D3-BF4B-00C04F79EFBC}") = "CountRealnumbers", "CountRealnumbers\CountRealnumbers.csproj", "{67F68831-4D9C-4E64-9C58-7BC80AA4C179}"
EndProject
Project("{FAE04EC0-301F-11D3-BF4B-00C04F79EFBC}") = "OddOccurrences", "OddOccurrences\OddOccurrences.csproj", "{28435084-845E-4C1A-B9E4-47648F8A4A15}"
EndProject
Project("{FAE04EC0-301F-11D3-BF4B-00C04F79EFBC}") = "WordSynonyms", "WordSynonyms\WordSynonyms.csproj", "{51950203-8A2E-4345-90EF-4B4806A04FAB}"
EndProject
Project("{FAE04EC0-301F-11D3-BF4B-00C04F79EFBC}") = "LargestThreeNumber", "LargestThreeNumber\LargestThreeNumber.csproj", "{384A021B-8A15-4511-8E38-35B94B8662D1}"
EndProject
Project("{FAE04EC0-301F-11D3-BF4B-00C04F79EFBC}") = "WordFilter", "WordFilter\WordFilter.csproj", "{29565D13-E7D9-4DF4-AF7E-7CD4FEEEC40F}"
EndProject
Global
	GlobalSection(SolutionConfigurationPlatforms) = preSolution
		Debug|Any CPU = Debug|Any CPU
		Release|Any CPU = Release|Any CPU
	EndGlobalSection
	GlobalSection(ProjectConfigurationPlatforms) = postSolution
		{67F68831-4D9C-4E64-9C58-7BC80AA4C179}.Debug|Any CPU.ActiveCfg = Debug|Any CPU
		{67F68831-4D9C-4E64-9C58-7BC80AA4C179}.Debug|Any CPU.Build.0 = Debug|Any CPU
		{67F68831-4D9C-4E64-9C58-7BC80AA4C179}.Release|Any CPU.ActiveCfg = Release|Any CPU
		{67F68831-4D9C-4E64-9C58-7BC80AA4C179}.Release|Any CPU.Build.0 = Release|Any CPU
		{28435084-845E-4C1A-B9E4-47648F8A4A15}.Debug|Any CPU.ActiveCfg = Debug|Any CPU
		{28435084-845E-4C1A-B9E4-47648F8A4A15}.Debug|Any CPU.Build.0 = Debug|Any CPU
		{28435084-845E-4C1A-B9E4-47648F8A4A15}.Release|Any CPU.ActiveCfg = Release|Any CPU
		{28435084-845E-4C1A-B9E4-47648F8A4A15}.Release|Any CPU.Build.0 = Release|Any CPU
		{51950203-8A2E-4345-90EF-4B4806A04FAB}.Debug|Any CPU.ActiveCfg = Debug|Any CPU
		{51950203-8A2E-4345-90EF-4B4806A04FAB}.Debug|Any CPU.Build.0 = Debug|Any CPU
		{51950203-8A2E-4345-90EF-4B4806A04FAB}.Release|Any CPU.ActiveCfg = Release|Any CPU
		{51950203-8A2E-4345-90EF-4B4806A04FAB}.Release|Any CPU.Build.0 = Release|Any CPU
		{384A021B-8A15-4511-8E38-35B94B8662D1}.Debug|Any CPU.ActiveCfg = Debug|Any CPU
		{384A021B-8A15-4511-8E38-35B94B8662D1}.Debug|Any CPU.Build.0 = Debug|Any CPU
		{384A021B-8A15-4511-8E38-35B94B8662D1}.Release|Any CPU.ActiveCfg = Release|Any CPU
		{384A021B-8A15-4511-8E38-35B94B8662D1}.Release|Any CPU.Build.0 = Release|Any CPU
		{29565D13-E7D9-4DF4-AF7E-7CD4FEEEC40F}.Debug|Any CPU.ActiveCfg = Debug|Any CPU
		{29565D13-E7D9-4DF4-AF7E-7CD4FEEEC40F}.Debug|Any CPU.Build.0 = Debug|Any CPU
		{29565D13-E7D9-4DF4-AF7E-7CD4FEEEC40F}.Release|Any CPU.ActiveCfg = Release|Any CPU
		{29565D13-E7D9-4DF4-AF7E-7CD4FEEEC40F}.Release|Any CPU.Build.0 = Release|Any CPU
	EndGlobalSection
	GlobalSection(SolutionProperties) = preSolution
		HideSolutionNode = FALSE
	EndGlobalSection
	GlobalSection(ExtensibilityGlobals) = postSolution
		SolutionGuid = {84BDA5C1-A0C8-450A-B2F4-3916D8AA6FA5}
	EndGlobalSection
EndGlobal
